<?xml version="1.0" encoding="utf-8"?>
<Project ToolsVersion="4.0" xmlns="http://schemas.microsoft.com/developer/msbuild/2003">
  <ItemGroup>
    <Filter Include="ev">
      <UniqueIdentifier>{f1c4b870-a072-4b26-8c75-b12c8b419f7f}</UniqueIdentifier>
    </Filter>
    <Filter Include="src">
      <UniqueIdentifier>{33735215-882b-443e-a2d0-8e85492ba118}</UniqueIdentifier>
    </Filter>
  </ItemGroup>
  <ItemGroup>
    <ClCompile Include="main.cpp">
      <Filter>src</Filter>
    </ClCompile>
    <ClCompile Include="ev\cx-ev-target.cpp">
      <Filter>ev</Filter>
    </ClCompile>
    <ClCompile Include="ev\cx-ev-core.cpp">
      <Filter>ev</Filter>
    </ClCompile>
    <ClCompile Include="ev\cx-ev-key.cpp">
      <Filter>ev</Filter>
    </ClCompile>
  </ItemGroup>
  <ItemGroup>
    <ClInclude Include="ev\cx-ev-key.hpp">
      <Filter>ev</Filter>
    </ClInclude>
    <ClInclude Include="ev\cx-ev-target.hpp">
      <Filter>ev</Filter>
    </ClInclude>
    <ClInclude Include="ev\pch.hpp">
      <Filter>ev</Filter>
    </ClInclude>
    <ClInclude Include="ev\cx-ev.hpp">
      <Filter>ev</Filter>
    </ClInclude>
    <ClInclude Include="ev\cx-ev-core.hpp">
      <Filter>ev</Filter>
    </ClInclude>
  </ItemGroup>
</Project>